
Microsoft Visual Studio Solution File, Format Version 12.00
# Visual Studio Version 17
VisualStudioVersion = 17.0.31919.166
MinimumVisualStudioVersion = 10.0.40219.1
Project("{9A19103F-16F7-4668-BE54-9A1E7A4F7556}") = "DeveloperInfo.API", "DeveloperInfo.API\DeveloperInfo.API.csproj", "{A6DFAEBF-9990-4ECE-AFF5-074E1D1614ED}"
EndProject
Project("{9A19103F-16F7-4668-BE54-9A1E7A4F7556}") = "DeveloperInfo.ServiceContracts", "DevelopersInfo.ServiceContracts\DeveloperInfo.ServiceContracts.csproj", "{9804E8DF-39D4-43DC-B594-52B558FEA25B}"
EndProject
Project("{9A19103F-16F7-4668-BE54-9A1E7A4F7556}") = "DeveloperInfo.Infrastructure", "DeveloperInfo.Infrastructure\DeveloperInfo.Infrastructure.csproj", "{F53444D2-AABF-49BC-97DF-C5A3E56DD546}"
EndProject
Project("{9A19103F-16F7-4668-BE54-9A1E7A4F7556}") = "DeveloperInfo.Models", "DevelopersInfo.Models\DeveloperInfo.Models.csproj", "{3069D426-3D13-4D16-9179-260F9256563E}"
EndProject
Project("{9A19103F-16F7-4668-BE54-9A1E7A4F7556}") = "DeveloperInfo.ServiceImplementations", "DeveloperInfo.ServiceImplementations\DeveloperInfo.ServiceImplementations.csproj", "{760AF187-BA59-4D50-B9CC-D952430DC827}"
EndProject
Project("{FAE04EC0-301F-11D3-BF4B-00C04F79EFBC}") = "DeveloperInfo.Tests", "DeveloperInfo.Tests\DeveloperInfo.Tests.csproj", "{FB013A7B-3C92-4B6A-A4FF-9B021A1FDD98}"
EndProject
Global
	GlobalSection(SolutionConfigurationPlatforms) = preSolution
		Debug|Any CPU = Debug|Any CPU
		Release|Any CPU = Release|Any CPU
	EndGlobalSection
	GlobalSection(ProjectConfigurationPlatforms) = postSolution
		{A6DFAEBF-9990-4ECE-AFF5-074E1D1614ED}.Debug|Any CPU.ActiveCfg = Debug|Any CPU
		{A6DFAEBF-9990-4ECE-AFF5-074E1D1614ED}.Debug|Any CPU.Build.0 = Debug|Any CPU
		{A6DFAEBF-9990-4ECE-AFF5-074E1D1614ED}.Release|Any CPU.ActiveCfg = Release|Any CPU
		{A6DFAEBF-9990-4ECE-AFF5-074E1D1614ED}.Release|Any CPU.Build.0 = Release|Any CPU
		{9804E8DF-39D4-43DC-B594-52B558FEA25B}.Debug|Any CPU.ActiveCfg = Debug|Any CPU
		{9804E8DF-39D4-43DC-B594-52B558FEA25B}.Debug|Any CPU.Build.0 = Debug|Any CPU
		{9804E8DF-39D4-43DC-B594-52B558FEA25B}.Release|Any CPU.ActiveCfg = Release|Any CPU
		{9804E8DF-39D4-43DC-B594-52B558FEA25B}.Release|Any CPU.Build.0 = Release|Any CPU
		{F53444D2-AABF-49BC-97DF-C5A3E56DD546}.Debug|Any CPU.ActiveCfg = Debug|Any CPU
		{F53444D2-AABF-49BC-97DF-C5A3E56DD546}.Debug|Any CPU.Build.0 = Debug|Any CPU
		{F53444D2-AABF-49BC-97DF-C5A3E56DD546}.Release|Any CPU.ActiveCfg = Release|Any CPU
		{F53444D2-AABF-49BC-97DF-C5A3E56DD546}.Release|Any CPU.Build.0 = Release|Any CPU
		{3069D426-3D13-4D16-9179-260F9256563E}.Debug|Any CPU.ActiveCfg = Debug|Any CPU
		{3069D426-3D13-4D16-9179-260F9256563E}.Debug|Any CPU.Build.0 = Debug|Any CPU
		{3069D426-3D13-4D16-9179-260F9256563E}.Release|Any CPU.ActiveCfg = Release|Any CPU
		{3069D426-3D13-4D16-9179-260F9256563E}.Release|Any CPU.Build.0 = Release|Any CPU
		{760AF187-BA59-4D50-B9CC-D952430DC827}.Debug|Any CPU.ActiveCfg = Debug|Any CPU
		{760AF187-BA59-4D50-B9CC-D952430DC827}.Debug|Any CPU.Build.0 = Debug|Any CPU
		{760AF187-BA59-4D50-B9CC-D952430DC827}.Release|Any CPU.ActiveCfg = Release|Any CPU
		{760AF187-BA59-4D50-B9CC-D952430DC827}.Release|Any CPU.Build.0 = Release|Any CPU
		{FB013A7B-3C92-4B6A-A4FF-9B021A1FDD98}.Debug|Any CPU.ActiveCfg = Debug|Any CPU
		{FB013A7B-3C92-4B6A-A4FF-9B021A1FDD98}.Debug|Any CPU.Build.0 = Debug|Any CPU
		{FB013A7B-3C92-4B6A-A4FF-9B021A1FDD98}.Release|Any CPU.ActiveCfg = Release|Any CPU
		{FB013A7B-3C92-4B6A-A4FF-9B021A1FDD98}.Release|Any CPU.Build.0 = Release|Any CPU
	EndGlobalSection
	GlobalSection(SolutionProperties) = preSolution
		HideSolutionNode = FALSE
	EndGlobalSection
	GlobalSection(ExtensibilityGlobals) = postSolution
		SolutionGuid = {F6D7BAC1-E14F-4FCF-A0AA-4F72B7DA28F6}
	EndGlobalSection
EndGlobal
